
Microsoft Visual Studio Solution File, Format Version 12.00
# Visual Studio Version 17
VisualStudioVersion = 17.8.34309.116
MinimumVisualStudioVersion = 10.0.40219.1
Project("{9A19103F-16F7-4668-BE54-9A1E7A4F7556}") = "TranslationManagement.Api", "TranslationManagement.Api\TranslationManagement.Api.csproj", "{CF6B0818-2953-48BA-9036-3F75D92E0F13}"
EndProject
Project("{2150E333-8FDC-42A3-9474-1A3956D46DE8}") = "Solution Items", "Solution Items", "{8547FBF7-7179-421B-80BD-2E293D0807A6}"
	ProjectSection(SolutionItems) = preProject
		.dockerignore = .dockerignore
		TranslationManagement.Api\Dockerfile = TranslationManagement.Api\Dockerfile
		readme.md = readme.md
	EndProjectSection
EndProject
Project("{9A19103F-16F7-4668-BE54-9A1E7A4F7556}") = "External.ThirdParty.Services", "External.ThirdParty.Services\External.ThirdParty.Services.csproj", "{173F3433-4139-404D-A843-BAF43F6164FA}"
EndProject
Project("{2150E333-8FDC-42A3-9474-1A3956D46DE8}") = "SampleData", "SampleData", "{B01CF39A-A9B6-468F-9BC6-06D418302340}"
	ProjectSection(SolutionItems) = preProject
		job.txt = job.txt
		job.xml = job.xml
	EndProjectSection
EndProject
Project("{54A90642-561A-4BB1-A94E-469ADEE60C69}") = "translationmanagment.client", "translationmanagment.client\translationmanagment.client.esproj", "{31DEE2B8-1EE4-422E-B8AF-88905E3849CA}"
EndProject
Project("{FAE04EC0-301F-11D3-BF4B-00C04F79EFBC}") = "TranslationManagement.Application", "TranslationManagement.Application\TranslationManagement.Application.csproj", "{FFEB1FED-4F37-46A2-8382-3EF68C17CB19}"
EndProject
Project("{FAE04EC0-301F-11D3-BF4B-00C04F79EFBC}") = "TranslationManagement.Infrastructure", "TranslationManagement.Infrastucture\TranslationManagement.Infrastructure.csproj", "{B1666AA9-DD26-4FB5-A02A-6A99E9794B70}"
EndProject
Project("{FAE04EC0-301F-11D3-BF4B-00C04F79EFBC}") = "TranslationManagement.Domain", "TranslationManagement.Domain\TranslationManagement.Domain.csproj", "{3C8CB6ED-870D-4D95-9AF5-6AC24FE1C116}"
EndProject
Project("{2150E333-8FDC-42A3-9474-1A3956D46DE8}") = "Tests", "Tests", "{42668AD5-A2E1-41B8-BDDB-4B8DFFD63F66}"
EndProject
Project("{FAE04EC0-301F-11D3-BF4B-00C04F79EFBC}") = "TranslationManagement.Application.Tests", "TranslationManagement.Application.Tests\TranslationManagement.Application.Tests.csproj", "{15DD2D5A-AB68-4A09-8134-43AF10667168}"
EndProject
Global
	GlobalSection(SolutionConfigurationPlatforms) = preSolution
		Debug|Any CPU = Debug|Any CPU
		Release|Any CPU = Release|Any CPU
	EndGlobalSection
	GlobalSection(ProjectConfigurationPlatforms) = postSolution
		{CF6B0818-2953-48BA-9036-3F75D92E0F13}.Debug|Any CPU.ActiveCfg = Debug|Any CPU
		{CF6B0818-2953-48BA-9036-3F75D92E0F13}.Debug|Any CPU.Build.0 = Debug|Any CPU
		{CF6B0818-2953-48BA-9036-3F75D92E0F13}.Release|Any CPU.ActiveCfg = Release|Any CPU
		{CF6B0818-2953-48BA-9036-3F75D92E0F13}.Release|Any CPU.Build.0 = Release|Any CPU
		{173F3433-4139-404D-A843-BAF43F6164FA}.Debug|Any CPU.ActiveCfg = Debug|Any CPU
		{173F3433-4139-404D-A843-BAF43F6164FA}.Debug|Any CPU.Build.0 = Debug|Any CPU
		{173F3433-4139-404D-A843-BAF43F6164FA}.Release|Any CPU.ActiveCfg = Release|Any CPU
		{173F3433-4139-404D-A843-BAF43F6164FA}.Release|Any CPU.Build.0 = Release|Any CPU
		{31DEE2B8-1EE4-422E-B8AF-88905E3849CA}.Debug|Any CPU.ActiveCfg = Debug|Any CPU
		{31DEE2B8-1EE4-422E-B8AF-88905E3849CA}.Debug|Any CPU.Build.0 = Debug|Any CPU
		{31DEE2B8-1EE4-422E-B8AF-88905E3849CA}.Debug|Any CPU.Deploy.0 = Debug|Any CPU
		{31DEE2B8-1EE4-422E-B8AF-88905E3849CA}.Release|Any CPU.ActiveCfg = Release|Any CPU
		{31DEE2B8-1EE4-422E-B8AF-88905E3849CA}.Release|Any CPU.Build.0 = Release|Any CPU
		{31DEE2B8-1EE4-422E-B8AF-88905E3849CA}.Release|Any CPU.Deploy.0 = Release|Any CPU
		{FFEB1FED-4F37-46A2-8382-3EF68C17CB19}.Debug|Any CPU.ActiveCfg = Debug|Any CPU
		{FFEB1FED-4F37-46A2-8382-3EF68C17CB19}.Debug|Any CPU.Build.0 = Debug|Any CPU
		{FFEB1FED-4F37-46A2-8382-3EF68C17CB19}.Release|Any CPU.ActiveCfg = Release|Any CPU
		{FFEB1FED-4F37-46A2-8382-3EF68C17CB19}.Release|Any CPU.Build.0 = Release|Any CPU
		{B1666AA9-DD26-4FB5-A02A-6A99E9794B70}.Debug|Any CPU.ActiveCfg = Debug|Any CPU
		{B1666AA9-DD26-4FB5-A02A-6A99E9794B70}.Debug|Any CPU.Build.0 = Debug|Any CPU
		{B1666AA9-DD26-4FB5-A02A-6A99E9794B70}.Release|Any CPU.ActiveCfg = Release|Any CPU
		{B1666AA9-DD26-4FB5-A02A-6A99E9794B70}.Release|Any CPU.Build.0 = Release|Any CPU
		{3C8CB6ED-870D-4D95-9AF5-6AC24FE1C116}.Debug|Any CPU.ActiveCfg = Debug|Any CPU
		{3C8CB6ED-870D-4D95-9AF5-6AC24FE1C116}.Debug|Any CPU.Build.0 = Debug|Any CPU
		{3C8CB6ED-870D-4D95-9AF5-6AC24FE1C116}.Release|Any CPU.ActiveCfg = Release|Any CPU
		{3C8CB6ED-870D-4D95-9AF5-6AC24FE1C116}.Release|Any CPU.Build.0 = Release|Any CPU
		{15DD2D5A-AB68-4A09-8134-43AF10667168}.Debug|Any CPU.ActiveCfg = Debug|Any CPU
		{15DD2D5A-AB68-4A09-8134-43AF10667168}.Debug|Any CPU.Build.0 = Debug|Any CPU
		{15DD2D5A-AB68-4A09-8134-43AF10667168}.Release|Any CPU.ActiveCfg = Release|Any CPU
		{15DD2D5A-AB68-4A09-8134-43AF10667168}.Release|Any CPU.Build.0 = Release|Any CPU
	EndGlobalSection
	GlobalSection(SolutionProperties) = preSolution
		HideSolutionNode = FALSE
	EndGlobalSection
	GlobalSection(NestedProjects) = preSolution
		{15DD2D5A-AB68-4A09-8134-43AF10667168} = {42668AD5-A2E1-41B8-BDDB-4B8DFFD63F66}
	EndGlobalSection
	GlobalSection(ExtensibilityGlobals) = postSolution
		SolutionGuid = {821E39E6-0BB8-498C-9510-D913968AA6FF}
	EndGlobalSection
EndGlobal
